// !$*UTF8*$!
{
	archiveVersion = 1;
	classes = {
	};
	objectVersion = 50;
	objects = {

/* Begin PBXBuildFile section */
		470A4A672192588B0042DCE8 /* AppDelegate.swift in Sources */ = {isa = PBXBuildFile; fileRef = 470A4A662192588B0042DCE8 /* AppDelegate.swift */; };
		470A4A6C2192588B0042DCE8 /* Main.storyboard in Resources */ = {isa = PBXBuildFile; fileRef = 470A4A6A2192588B0042DCE8 /* Main.storyboard */; };
		470A4A6E2192588E0042DCE8 /* Assets.xcassets in Resources */ = {isa = PBXBuildFile; fileRef = 470A4A6D2192588E0042DCE8 /* Assets.xcassets */; };
		470A4A712192588E0042DCE8 /* LaunchScreen.storyboard in Resources */ = {isa = PBXBuildFile; fileRef = 470A4A6F2192588E0042DCE8 /* LaunchScreen.storyboard */; };
		4721D3FC2193AB6900FFD44A /* PostListTableViewController.swift in Sources */ = {isa = PBXBuildFile; fileRef = 4721D3FB2193AB6900FFD44A /* PostListTableViewController.swift */; };
		4721D3FE2193ABCC00FFD44A /* PostDetailTableViewController.swift in Sources */ = {isa = PBXBuildFile; fileRef = 4721D3FD2193ABCC00FFD44A /* PostDetailTableViewController.swift */; };
		4721D4002193ABFC00FFD44A /* AddPostTableViewController.swift in Sources */ = {isa = PBXBuildFile; fileRef = 4721D3FF2193ABFC00FFD44A /* AddPostTableViewController.swift */; };
		4721D4022193AE4800FFD44A /* PostModel.swift in Sources */ = {isa = PBXBuildFile; fileRef = 4721D4012193AE4800FFD44A /* PostModel.swift */; };
		4721D4042193B03000FFD44A /* CommentModel.swift in Sources */ = {isa = PBXBuildFile; fileRef = 4721D4032193B03000FFD44A /* CommentModel.swift */; };
		4721D4062193B16A00FFD44A /* PostController.swift in Sources */ = {isa = PBXBuildFile; fileRef = 4721D4052193B16A00FFD44A /* PostController.swift */; };
		4721D4092193CFFC00FFD44A /* PostConstantKeys.swift in Sources */ = {isa = PBXBuildFile; fileRef = 4721D4082193CFFC00FFD44A /* PostConstantKeys.swift */; };
		4721D40B2193D1A700FFD44A /* UIViewCon+Alerts.swift in Sources */ = {isa = PBXBuildFile; fileRef = 4721D40A2193D1A700FFD44A /* UIViewCon+Alerts.swift */; };
		4721D40D2193D4F800FFD44A /* CommentConstantKeys.swift in Sources */ = {isa = PBXBuildFile; fileRef = 4721D40C2193D4F800FFD44A /* CommentConstantKeys.swift */; };
/* End PBXBuildFile section */

/* Begin PBXFileReference section */
		470A4A632192588B0042DCE8 /* Continuum-iOS22.app */ = {isa = PBXFileReference; explicitFileType = wrapper.application; includeInIndex = 0; path = "Continuum-iOS22.app"; sourceTree = BUILT_PRODUCTS_DIR; };
		470A4A662192588B0042DCE8 /* AppDelegate.swift */ = {isa = PBXFileReference; lastKnownFileType = sourcecode.swift; path = AppDelegate.swift; sourceTree = "<group>"; };
		470A4A6B2192588B0042DCE8 /* Base */ = {isa = PBXFileReference; lastKnownFileType = file.storyboard; name = Base; path = Base.lproj/Main.storyboard; sourceTree = "<group>"; };
		470A4A6D2192588E0042DCE8 /* Assets.xcassets */ = {isa = PBXFileReference; lastKnownFileType = folder.assetcatalog; path = Assets.xcassets; sourceTree = "<group>"; };
		470A4A702192588E0042DCE8 /* Base */ = {isa = PBXFileReference; lastKnownFileType = file.storyboard; name = Base; path = Base.lproj/LaunchScreen.storyboard; sourceTree = "<group>"; };
		470A4A722192588E0042DCE8 /* Info.plist */ = {isa = PBXFileReference; lastKnownFileType = text.plist.xml; path = Info.plist; sourceTree = "<group>"; };
		4721D3FB2193AB6900FFD44A /* PostListTableViewController.swift */ = {isa = PBXFileReference; lastKnownFileType = sourcecode.swift; name = PostListTableViewController.swift; path = ../../../../../../../../PostListTableViewController.swift; sourceTree = "<group>"; };
		4721D3FD2193ABCC00FFD44A /* PostDetailTableViewController.swift */ = {isa = PBXFileReference; lastKnownFileType = sourcecode.swift; path = PostDetailTableViewController.swift; sourceTree = "<group>"; };
		4721D3FF2193ABFC00FFD44A /* AddPostTableViewController.swift */ = {isa = PBXFileReference; lastKnownFileType = sourcecode.swift; path = AddPostTableViewController.swift; sourceTree = "<group>"; };
		4721D4012193AE4800FFD44A /* PostModel.swift */ = {isa = PBXFileReference; lastKnownFileType = sourcecode.swift; path = PostModel.swift; sourceTree = "<group>"; };
		4721D4032193B03000FFD44A /* CommentModel.swift */ = {isa = PBXFileReference; lastKnownFileType = sourcecode.swift; path = CommentModel.swift; sourceTree = "<group>"; };
		4721D4052193B16A00FFD44A /* PostController.swift */ = {isa = PBXFileReference; lastKnownFileType = sourcecode.swift; path = PostController.swift; sourceTree = "<group>"; };
		4721D4082193CFFC00FFD44A /* PostConstantKeys.swift */ = {isa = PBXFileReference; lastKnownFileType = sourcecode.swift; path = PostConstantKeys.swift; sourceTree = "<group>"; };
		4721D40A2193D1A700FFD44A /* UIViewCon+Alerts.swift */ = {isa = PBXFileReference; lastKnownFileType = sourcecode.swift; path = "UIViewCon+Alerts.swift"; sourceTree = "<group>"; };
		4721D40C2193D4F800FFD44A /* CommentConstantKeys.swift */ = {isa = PBXFileReference; lastKnownFileType = sourcecode.swift; path = CommentConstantKeys.swift; sourceTree = "<group>"; };
		47BBDCE9219263E9005D6209 /* Continuum-iOS22.entitlements */ = {isa = PBXFileReference; lastKnownFileType = text.plist.entitlements; path = "Continuum-iOS22.entitlements"; sourceTree = "<group>"; };
/* End PBXFileReference section */

/* Begin PBXFrameworksBuildPhase section */
		470A4A602192588B0042DCE8 /* Frameworks */ = {
			isa = PBXFrameworksBuildPhase;
			buildActionMask = 2147483647;
			files = (
			);
			runOnlyForDeploymentPostprocessing = 0;
		};
/* End PBXFrameworksBuildPhase section */

/* Begin PBXGroup section */
		470A4A5A2192588B0042DCE8 = {
			isa = PBXGroup;
			children = (
				470A4A652192588B0042DCE8 /* Continuum-iOS22 */,
				470A4A642192588B0042DCE8 /* Products */,
			);
			sourceTree = "<group>";
		};
		470A4A642192588B0042DCE8 /* Products */ = {
			isa = PBXGroup;
			children = (
				470A4A632192588B0042DCE8 /* Continuum-iOS22.app */,
			);
			name = Products;
			sourceTree = "<group>";
		};
		470A4A652192588B0042DCE8 /* Continuum-iOS22 */ = {
			isa = PBXGroup;
			children = (
				47BBDCE9219263E9005D6209 /* Continuum-iOS22.entitlements */,
				4721D4072193CFE400FFD44A /* SupportingFiles */,
				47BBDCE62192638D005D6209 /* ViewController */,
				47BBDCE521926379005D6209 /* ModelController */,
				47BBDCE42192636D005D6209 /* Model */,
				47BBDCE321926361005D6209 /* UI */,
				47BBDCE221926353005D6209 /* Resources */,
			);
			path = "Continuum-iOS22";
			sourceTree = "<group>";
		};
		4721D4072193CFE400FFD44A /* SupportingFiles */ = {
			isa = PBXGroup;
			children = (
				4721D4082193CFFC00FFD44A /* PostConstantKeys.swift */,
				4721D40A2193D1A700FFD44A /* UIViewCon+Alerts.swift */,
				4721D40C2193D4F800FFD44A /* CommentConstantKeys.swift */,
			);
			path = SupportingFiles;
			sourceTree = "<group>";
		};
		47BBDCE221926353005D6209 /* Resources */ = {
			isa = PBXGroup;
			children = (
				470A4A662192588B0042DCE8 /* AppDelegate.swift */,
				470A4A6D2192588E0042DCE8 /* Assets.xcassets */,
				470A4A722192588E0042DCE8 /* Info.plist */,
			);
			path = Resources;
			sourceTree = "<group>";
		};
		47BBDCE321926361005D6209 /* UI */ = {
			isa = PBXGroup;
			children = (
				47BBDCE8219263B8005D6209 /* View */,
				47BBDCE7219263B7005D6209 /* storyboard */,
			);
			path = UI;
			sourceTree = "<group>";
		};
		47BBDCE42192636D005D6209 /* Model */ = {
			isa = PBXGroup;
			children = (
				4721D4012193AE4800FFD44A /* PostModel.swift */,
				4721D4032193B03000FFD44A /* CommentModel.swift */,
			);
			path = Model;
			sourceTree = "<group>";
		};
		47BBDCE521926379005D6209 /* ModelController */ = {
			isa = PBXGroup;
			children = (
				4721D4052193B16A00FFD44A /* PostController.swift */,
			);
			path = ModelController;
			sourceTree = "<group>";
		};
		47BBDCE62192638D005D6209 /* ViewController */ = {
			isa = PBXGroup;
			children = (
				4721D3FB2193AB6900FFD44A /* PostListTableViewController.swift */,
				4721D3FD2193ABCC00FFD44A /* PostDetailTableViewController.swift */,
				4721D3FF2193ABFC00FFD44A /* AddPostTableViewController.swift */,
			);
			path = ViewController;
			sourceTree = "<group>";
		};
		47BBDCE7219263B7005D6209 /* storyboard */ = {
			isa = PBXGroup;
			children = (
				470A4A6F2192588E0042DCE8 /* LaunchScreen.storyboard */,
				470A4A6A2192588B0042DCE8 /* Main.storyboard */,
			);
			path = storyboard;
			sourceTree = "<group>";
		};
		47BBDCE8219263B8005D6209 /* View */ = {
			isa = PBXGroup;
			children = (
			);
			path = View;
			sourceTree = "<group>";
		};
/* End PBXGroup section */

/* Begin PBXNativeTarget section */
		470A4A622192588B0042DCE8 /* Continuum-iOS22 */ = {
			isa = PBXNativeTarget;
			buildConfigurationList = 470A4A752192588E0042DCE8 /* Build configuration list for PBXNativeTarget "Continuum-iOS22" */;
			buildPhases = (
				470A4A5F2192588B0042DCE8 /* Sources */,
				470A4A602192588B0042DCE8 /* Frameworks */,
				470A4A612192588B0042DCE8 /* Resources */,
			);
			buildRules = (
			);
			dependencies = (
			);
			name = "Continuum-iOS22";
			productName = "Continuum-iOS22";
			productReference = 470A4A632192588B0042DCE8 /* Continuum-iOS22.app */;
			productType = "com.apple.product-type.application";
		};
/* End PBXNativeTarget section */

/* Begin PBXProject section */
		470A4A5B2192588B0042DCE8 /* Project object */ = {
			isa = PBXProject;
			attributes = {
				LastSwiftUpdateCheck = 1010;
				LastUpgradeCheck = 1010;
				ORGANIZATIONNAME = ramcomw;
				TargetAttributes = {
					470A4A622192588B0042DCE8 = {
						CreatedOnToolsVersion = 10.1;
						SystemCapabilities = {
							com.apple.Push = {
								enabled = 1;
							};
							com.apple.iCloud = {
								enabled = 1;
							};
						};
					};
				};
			};
			buildConfigurationList = 470A4A5E2192588B0042DCE8 /* Build configuration list for PBXProject "Continuum-iOS22" */;
			compatibilityVersion = "Xcode 9.3";
			developmentRegion = en;
			hasScannedForEncodings = 0;
			knownRegions = (
				en,
				Base,
			);
			mainGroup = 470A4A5A2192588B0042DCE8;
			productRefGroup = 470A4A642192588B0042DCE8 /* Products */;
			projectDirPath = "";
			projectRoot = "";
			targets = (
				470A4A622192588B0042DCE8 /* Continuum-iOS22 */,
			);
		};
/* End PBXProject section */

/* Begin PBXResourcesBuildPhase section */
		470A4A612192588B0042DCE8 /* Resources */ = {
			isa = PBXResourcesBuildPhase;
			buildActionMask = 2147483647;
			files = (
				470A4A712192588E0042DCE8 /* LaunchScreen.storyboard in Resources */,
				470A4A6E2192588E0042DCE8 /* Assets.xcassets in Resources */,
				470A4A6C2192588B0042DCE8 /* Main.storyboard in Resources */,
			);
			runOnlyForDeploymentPostprocessing = 0;
		};
/* End PBXResourcesBuildPhase section */

/* Begin PBXSourcesBuildPhase section */
		470A4A5F2192588B0042DCE8 /* Sources */ = {
			isa = PBXSourcesBuildPhase;
			buildActionMask = 2147483647;
			files = (
				470A4A672192588B0042DCE8 /* AppDelegate.swift in Sources */,
				4721D4042193B03000FFD44A /* CommentModel.swift in Sources */,
				4721D40B2193D1A700FFD44A /* UIViewCon+Alerts.swift in Sources */,
				4721D4022193AE4800FFD44A /* PostModel.swift in Sources */,
				4721D4092193CFFC00FFD44A /* PostConstantKeys.swift in Sources */,
				4721D3FC2193AB6900FFD44A /* PostListTableViewController.swift in Sources */,
				4721D4062193B16A00FFD44A /* PostController.swift in Sources */,
				4721D40D2193D4F800FFD44A /* CommentConstantKeys.swift in Sources */,
				4721D4002193ABFC00FFD44A /* AddPostTableViewController.swift in Sources */,
				4721D3FE2193ABCC00FFD44A /* PostDetailTableViewController.swift in Sources */,
			);
			runOnlyForDeploymentPostprocessing = 0;
		};
/* End PBXSourcesBuildPhase section */

/* Begin PBXVariantGroup section */
		470A4A6A2192588B0042DCE8 /* Main.storyboard */ = {
			isa = PBXVariantGroup;
			children = (
				470A4A6B2192588B0042DCE8 /* Base */,
			);
			name = Main.storyboard;
			sourceTree = "<group>";
		};
		470A4A6F2192588E0042DCE8 /* LaunchScreen.storyboard */ = {
			isa = PBXVariantGroup;
			children = (
				470A4A702192588E0042DCE8 /* Base */,
			);
			name = LaunchScreen.storyboard;
			sourceTree = "<group>";
		};
/* End PBXVariantGroup section */

/* Begin XCBuildConfiguration section */
		470A4A732192588E0042DCE8 /* Debug */ = {
			isa = XCBuildConfiguration;
			buildSettings = {
				ALWAYS_SEARCH_USER_PATHS = NO;
				CLANG_ANALYZER_NONNULL = YES;
				CLANG_ANALYZER_NUMBER_OBJECT_CONVERSION = YES_AGGRESSIVE;
				CLANG_CXX_LANGUAGE_STANDARD = "gnu++14";
				CLANG_CXX_LIBRARY = "libc++";
				CLANG_ENABLE_MODULES = YES;
				CLANG_ENABLE_OBJC_ARC = YES;
				CLANG_ENABLE_OBJC_WEAK = YES;
				CLANG_WARN_BLOCK_CAPTURE_AUTORELEASING = YES;
				CLANG_WARN_BOOL_CONVERSION = YES;
				CLANG_WARN_COMMA = YES;
				CLANG_WARN_CONSTANT_CONVERSION = YES;
				CLANG_WARN_DEPRECATED_OBJC_IMPLEMENTATIONS = YES;
				CLANG_WARN_DIRECT_OBJC_ISA_USAGE = YES_ERROR;
				CLANG_WARN_DOCUMENTATION_COMMENTS = YES;
				CLANG_WARN_EMPTY_BODY = YES;
				CLANG_WARN_ENUM_CONVERSION = YES;
				CLANG_WARN_INFINITE_RECURSION = YES;
				CLANG_WARN_INT_CONVERSION = YES;
				CLANG_WARN_NON_LITERAL_NULL_CONVERSION = YES;
				CLANG_WARN_OBJC_IMPLICIT_RETAIN_SELF = YES;
				CLANG_WARN_OBJC_LITERAL_CONVERSION = YES;
				CLANG_WARN_OBJC_ROOT_CLASS = YES_ERROR;
				CLANG_WARN_RANGE_LOOP_ANALYSIS = YES;
				CLANG_WARN_STRICT_PROTOTYPES = YES;
				CLANG_WARN_SUSPICIOUS_MOVE = YES;
				CLANG_WARN_UNGUARDED_AVAILABILITY = YES_AGGRESSIVE;
				CLANG_WARN_UNREACHABLE_CODE = YES;
				CLANG_WARN__DUPLICATE_METHOD_MATCH = YES;
				CODE_SIGN_IDENTITY = "iPhone Developer";
				COPY_PHASE_STRIP = NO;
				DEBUG_INFORMATION_FORMAT = dwarf;
				ENABLE_STRICT_OBJC_MSGSEND = YES;
				ENABLE_TESTABILITY = YES;
				GCC_C_LANGUAGE_STANDARD = gnu11;
				GCC_DYNAMIC_NO_PIC = NO;
				GCC_NO_COMMON_BLOCKS = YES;
				GCC_OPTIMIZATION_LEVEL = 0;
				GCC_PREPROCESSOR_DEFINITIONS = (
					"DEBUG=1",
					"$(inherited)",
				);
				GCC_WARN_64_TO_32_BIT_CONVERSION = YES;
				GCC_WARN_ABOUT_RETURN_TYPE = YES_ERROR;
				GCC_WARN_UNDECLARED_SELECTOR = YES;
				GCC_WARN_UNINITIALIZED_AUTOS = YES_AGGRESSIVE;
				GCC_WARN_UNUSED_FUNCTION = YES;
				GCC_WARN_UNUSED_VARIABLE = YES;
				IPHONEOS_DEPLOYMENT_TARGET = 12.1;
				MTL_ENABLE_DEBUG_INFO = INCLUDE_SOURCE;
				MTL_FAST_MATH = YES;
				ONLY_ACTIVE_ARCH = YES;
				SDKROOT = iphoneos;
				SWIFT_ACTIVE_COMPILATION_CONDITIONS = DEBUG;
				SWIFT_OPTIMIZATION_LEVEL = "-Onone";
			};
			name = Debug;
		};
		470A4A742192588E0042DCE8 /* Release */ = {
			isa = XCBuildConfiguration;
			buildSettings = {
				ALWAYS_SEARCH_USER_PATHS = NO;
				CLANG_ANALYZER_NONNULL = YES;
				CLANG_ANALYZER_NUMBER_OBJECT_CONVERSION = YES_AGGRESSIVE;
				CLANG_CXX_LANGUAGE_STANDARD = "gnu++14";
				CLANG_CXX_LIBRARY = "libc++";
				CLANG_ENABLE_MODULES = YES;
				CLANG_ENABLE_OBJC_ARC = YES;
				CLANG_ENABLE_OBJC_WEAK = YES;
				CLANG_WARN_BLOCK_CAPTURE_AUTORELEASING = YES;
				CLANG_WARN_BOOL_CONVERSION = YES;
				CLANG_WARN_COMMA = YES;
				CLANG_WARN_CONSTANT_CONVERSION = YES;
				CLANG_WARN_DEPRECATED_OBJC_IMPLEMENTATIONS = YES;
				CLANG_WARN_DIRECT_OBJC_ISA_USAGE = YES_ERROR;
				CLANG_WARN_DOCUMENTATION_COMMENTS = YES;
				CLANG_WARN_EMPTY_BODY = YES;
				CLANG_WARN_ENUM_CONVERSION = YES;
				CLANG_WARN_INFINITE_RECURSION = YES;
				CLANG_WARN_INT_CONVERSION = YES;
				CLANG_WARN_NON_LITERAL_NULL_CONVERSION = YES;
				CLANG_WARN_OBJC_IMPLICIT_RETAIN_SELF = YES;
				CLANG_WARN_OBJC_LITERAL_CONVERSION = YES;
				CLANG_WARN_OBJC_ROOT_CLASS = YES_ERROR;
				CLANG_WARN_RANGE_LOOP_ANALYSIS = YES;
				CLANG_WARN_STRICT_PROTOTYPES = YES;
				CLANG_WARN_SUSPICIOUS_MOVE = YES;
				CLANG_WARN_UNGUARDED_AVAILABILITY = YES_AGGRESSIVE;
				CLANG_WARN_UNREACHABLE_CODE = YES;
				CLANG_WARN__DUPLICATE_METHOD_MATCH = YES;
				CODE_SIGN_IDENTITY = "iPhone Developer";
				COPY_PHASE_STRIP = NO;
				DEBUG_INFORMATION_FORMAT = "dwarf-with-dsym";
				ENABLE_NS_ASSERTIONS = NO;
				ENABLE_STRICT_OBJC_MSGSEND = YES;
				GCC_C_LANGUAGE_STANDARD = gnu11;
				GCC_NO_COMMON_BLOCKS = YES;
				GCC_WARN_64_TO_32_BIT_CONVERSION = YES;
				GCC_WARN_ABOUT_RETURN_TYPE = YES_ERROR;
				GCC_WARN_UNDECLARED_SELECTOR = YES;
				GCC_WARN_UNINITIALIZED_AUTOS = YES_AGGRESSIVE;
				GCC_WARN_UNUSED_FUNCTION = YES;
				GCC_WARN_UNUSED_VARIABLE = YES;
				IPHONEOS_DEPLOYMENT_TARGET = 12.1;
				MTL_ENABLE_DEBUG_INFO = NO;
				MTL_FAST_MATH = YES;
				SDKROOT = iphoneos;
				SWIFT_COMPILATION_MODE = wholemodule;
				SWIFT_OPTIMIZATION_LEVEL = "-O";
				VALIDATE_PRODUCT = YES;
			};
			name = Release;
		};
		470A4A762192588E0042DCE8 /* Debug */ = {
			isa = XCBuildConfiguration;
			buildSettings = {
				ASSETCATALOG_COMPILER_APPICON_NAME = AppIcon;
				CODE_SIGN_ENTITLEMENTS = "Continuum-iOS22/Continuum-iOS22.entitlements";
				CODE_SIGN_STYLE = Automatic;
				DEVELOPMENT_TEAM = L7AYJDAX2C;
				INFOPLIST_FILE = "$(SRCROOT)/Continuum-iOS22/Resources/Info.plist";
				LD_RUNPATH_SEARCH_PATHS = (
					"$(inherited)",
					"@executable_path/Frameworks",
				);
				PRODUCT_BUNDLE_IDENTIFIER = "com.ramcomw.i2v.Continuum-iOS22";
				PRODUCT_NAME = "$(TARGET_NAME)";
				SWIFT_VERSION = 4.2;
				TARGETED_DEVICE_FAMILY = "1,2";
			};
			name = Debug;
		};
		470A4A772192588E0042DCE8 /* Release */ = {
			isa = XCBuildConfiguration;
			buildSettings = {
				ASSETCATALOG_COMPILER_APPICON_NAME = AppIcon;
				CODE_SIGN_ENTITLEMENTS = "Continuum-iOS22/Continuum-iOS22.entitlements";
				CODE_SIGN_STYLE = Automatic;
				DEVELOPMENT_TEAM = L7AYJDAX2C;
				INFOPLIST_FILE = "$(SRCROOT)/Continuum-iOS22/Resources/Info.plist";
				LD_RUNPATH_SEARCH_PATHS = (
					"$(inherited)",
					"@executable_path/Frameworks",
				);
				PRODUCT_BUNDLE_IDENTIFIER = "com.ramcomw.i2v.Continuum-iOS22";
				PRODUCT_NAME = "$(TARGET_NAME)";
				SWIFT_VERSION = 4.2;
				TARGETED_DEVICE_FAMILY = "1,2";
			};
			name = Release;
		};
/* End XCBuildConfiguration section */

/* Begin XCConfigurationList section */
		470A4A5E2192588B0042DCE8 /* Build configuration list for PBXProject "Continuum-iOS22" */ = {
			isa = XCConfigurationList;
			buildConfigurations = (
				470A4A732192588E0042DCE8 /* Debug */,
				470A4A742192588E0042DCE8 /* Release */,
			);
			defaultConfigurationIsVisible = 0;
			defaultConfigurationName = Release;
		};
		470A4A752192588E0042DCE8 /* Build configuration list for PBXNativeTarget "Continuum-iOS22" */ = {
			isa = XCConfigurationList;
			buildConfigurations = (
				470A4A762192588E0042DCE8 /* Debug */,
				470A4A772192588E0042DCE8 /* Release */,
			);
			defaultConfigurationIsVisible = 0;
			defaultConfigurationName = Release;
		};
/* End XCConfigurationList section */
	};
	rootObject = 470A4A5B2192588B0042DCE8 /* Project object */;
}
